
Microsoft Visual Studio Solution File, Format Version 12.00
# Visual Studio 15
VisualStudioVersion = 15.0.27703.2026
MinimumVisualStudioVersion = 10.0.40219.1
Project("{9A19103F-16F7-4668-BE54-9A1E7A4F7556}") = "Livraria.Api", "ApiMicrosservicos\Livraria.Api.csproj", "{342B06CA-CEF4-48FE-BA99-C18F3594E4F3}"
EndProject
Project("{2150E333-8FDC-42A3-9474-1A3956D46DE8}") = "01 - API", "01 - API", "{2261E02B-6930-40DA-8564-D679151EED44}"
EndProject
Global
	GlobalSection(SolutionConfigurationPlatforms) = preSolution
		Debug|Any CPU = Debug|Any CPU
		Release|Any CPU = Release|Any CPU
	EndGlobalSection
	GlobalSection(ProjectConfigurationPlatforms) = postSolution
		{342B06CA-CEF4-48FE-BA99-C18F3594E4F3}.Debug|Any CPU.ActiveCfg = Debug|Any CPU
		{342B06CA-CEF4-48FE-BA99-C18F3594E4F3}.Debug|Any CPU.Build.0 = Debug|Any CPU
		{342B06CA-CEF4-48FE-BA99-C18F3594E4F3}.Release|Any CPU.ActiveCfg = Release|Any CPU
		{342B06CA-CEF4-48FE-BA99-C18F3594E4F3}.Release|Any CPU.Build.0 = Release|Any CPU
	EndGlobalSection
	GlobalSection(SolutionProperties) = preSolution
		HideSolutionNode = FALSE
	EndGlobalSection
	GlobalSection(NestedProjects) = preSolution
		{342B06CA-CEF4-48FE-BA99-C18F3594E4F3} = {2261E02B-6930-40DA-8564-D679151EED44}
	EndGlobalSection
	GlobalSection(ExtensibilityGlobals) = postSolution
		SolutionGuid = {04D1F9B1-4413-4DF5-85E8-71F433A81D7F}
	EndGlobalSection
EndGlobal
